
Microsoft Visual Studio Solution File, Format Version 12.00
# Visual Studio Version 17
VisualStudioVersion = 17.5.33516.290
MinimumVisualStudioVersion = 10.0.40219.1
Project("{FAE04EC0-301F-11D3-BF4B-00C04F79EFBC}") = "HelloWord", "HelloWord\HelloWord.csproj", "{391BFFA4-F4B1-404D-810C-93B69B8245E3}"
EndProject
Global
	GlobalSection(SolutionConfigurationPlatforms) = preSolution
		Debug|Any CPU = Debug|Any CPU
		Release|Any CPU = Release|Any CPU
	EndGlobalSection
	GlobalSection(ProjectConfigurationPlatforms) = postSolution
		{391BFFA4-F4B1-404D-810C-93B69B8245E3}.Debug|Any CPU.ActiveCfg = Debug|Any CPU
		{391BFFA4-F4B1-404D-810C-93B69B8245E3}.Debug|Any CPU.Build.0 = Debug|Any CPU
		{391BFFA4-F4B1-404D-810C-93B69B8245E3}.Release|Any CPU.ActiveCfg = Release|Any CPU
		{391BFFA4-F4B1-404D-810C-93B69B8245E3}.Release|Any CPU.Build.0 = Release|Any CPU
	EndGlobalSection
	GlobalSection(SolutionProperties) = preSolution
		HideSolutionNode = FALSE
	EndGlobalSection
	GlobalSection(ExtensibilityGlobals) = postSolution
		SolutionGuid = {4B38F367-1679-4D19-B949-D70910AEAA66}
	EndGlobalSection
EndGlobal
